
Microsoft Visual Studio Solution File, Format Version 12.00
# Visual Studio Version 17
VisualStudioVersion = 17.1.32210.238
MinimumVisualStudioVersion = 10.0.40219.1
Project("{9A19103F-16F7-4668-BE54-9A1E7A4F7556}") = "TFG.Orders.Api", "src\TFG.Orders\TFG.Orders.Api.csproj", "{43218350-9764-4146-91C8-0C6AA1C15D62}"
EndProject
Project("{2150E333-8FDC-42A3-9474-1A3956D46DE8}") = "src", "src", "{7E30D1DC-7E45-4C88-B12A-4184F75E9030}"
EndProject
Project("{FAE04EC0-301F-11D3-BF4B-00C04F79EFBC}") = "TFG.Orders.Domain", "src\TFG.Orders.Domain\TFG.Orders.Domain.csproj", "{7DFD93ED-808A-4C74-BB9B-D37E05370914}"
EndProject
Project("{FAE04EC0-301F-11D3-BF4B-00C04F79EFBC}") = "TFG.Orders.Infrastructure", "src\TFG.Orders.Infrastructure\TFG.Orders.Infrastructure.csproj", "{53CE8C7A-BEE0-4146-BC56-2085C5634BF2}"
EndProject
Project("{FAE04EC0-301F-11D3-BF4B-00C04F79EFBC}") = "TFG.Orders.Application", "src\TFG.Orders.Application\TFG.Orders.Application.csproj", "{C3DFE08C-F6E4-4702-83E5-053CB4221E56}"
EndProject
Global
	GlobalSection(SolutionConfigurationPlatforms) = preSolution
		Debug|Any CPU = Debug|Any CPU
		Release|Any CPU = Release|Any CPU
	EndGlobalSection
	GlobalSection(ProjectConfigurationPlatforms) = postSolution
		{43218350-9764-4146-91C8-0C6AA1C15D62}.Debug|Any CPU.ActiveCfg = Debug|Any CPU
		{43218350-9764-4146-91C8-0C6AA1C15D62}.Debug|Any CPU.Build.0 = Debug|Any CPU
		{43218350-9764-4146-91C8-0C6AA1C15D62}.Release|Any CPU.ActiveCfg = Release|Any CPU
		{43218350-9764-4146-91C8-0C6AA1C15D62}.Release|Any CPU.Build.0 = Release|Any CPU
		{7DFD93ED-808A-4C74-BB9B-D37E05370914}.Debug|Any CPU.ActiveCfg = Debug|Any CPU
		{7DFD93ED-808A-4C74-BB9B-D37E05370914}.Debug|Any CPU.Build.0 = Debug|Any CPU
		{7DFD93ED-808A-4C74-BB9B-D37E05370914}.Release|Any CPU.ActiveCfg = Release|Any CPU
		{7DFD93ED-808A-4C74-BB9B-D37E05370914}.Release|Any CPU.Build.0 = Release|Any CPU
		{53CE8C7A-BEE0-4146-BC56-2085C5634BF2}.Debug|Any CPU.ActiveCfg = Debug|Any CPU
		{53CE8C7A-BEE0-4146-BC56-2085C5634BF2}.Debug|Any CPU.Build.0 = Debug|Any CPU
		{53CE8C7A-BEE0-4146-BC56-2085C5634BF2}.Release|Any CPU.ActiveCfg = Release|Any CPU
		{53CE8C7A-BEE0-4146-BC56-2085C5634BF2}.Release|Any CPU.Build.0 = Release|Any CPU
		{C3DFE08C-F6E4-4702-83E5-053CB4221E56}.Debug|Any CPU.ActiveCfg = Debug|Any CPU
		{C3DFE08C-F6E4-4702-83E5-053CB4221E56}.Debug|Any CPU.Build.0 = Debug|Any CPU
		{C3DFE08C-F6E4-4702-83E5-053CB4221E56}.Release|Any CPU.ActiveCfg = Release|Any CPU
		{C3DFE08C-F6E4-4702-83E5-053CB4221E56}.Release|Any CPU.Build.0 = Release|Any CPU
	EndGlobalSection
	GlobalSection(SolutionProperties) = preSolution
		HideSolutionNode = FALSE
	EndGlobalSection
	GlobalSection(NestedProjects) = preSolution
		{43218350-9764-4146-91C8-0C6AA1C15D62} = {7E30D1DC-7E45-4C88-B12A-4184F75E9030}
		{7DFD93ED-808A-4C74-BB9B-D37E05370914} = {7E30D1DC-7E45-4C88-B12A-4184F75E9030}
		{53CE8C7A-BEE0-4146-BC56-2085C5634BF2} = {7E30D1DC-7E45-4C88-B12A-4184F75E9030}
		{C3DFE08C-F6E4-4702-83E5-053CB4221E56} = {7E30D1DC-7E45-4C88-B12A-4184F75E9030}
	EndGlobalSection
	GlobalSection(ExtensibilityGlobals) = postSolution
		SolutionGuid = {2B68EA1D-A7AE-4201-8ED7-208762DF1967}
	EndGlobalSection
EndGlobal
